format=local-inference-source-lock/v1
implementation.status=implemented
qualification.contract=See evidence for the resulting immutable image
release.name=jovian-judgement-community-20260910-r34
release.version=r34
runtime.base.image=voipmonitor/vllm@sha256:93ac5228f1cbde2182ca294d8b479259144742af2756a49ff207dd245429bf43
runtime.cuda.version=13.3
runtime.pytorch.version=2.13.0
runtime.rootfs.layers=2
runtime.cudagraph.mode=FULL_AND_PIECEWISE
runtime.moe-backend.default=b12x
runtime.scheduler.max-num-batched-tokens=4096
runtime.scheduler.prefill-compute-share=0.4
runtime.nccl.channels=16
runtime.nccl.buffer.bytes=2097152
runtime.recurrent-checkpoint-policy=auto
lmcache.native.artifact.image=localinferencelab/vllm@sha256:3ae04d964f8e7e936ef4b34dd75406b9169fead8062fb8b4b1634f3bbf512827
lmcache.native.mode=reuse-all
runtime.lmcache.transfer=engine-driven asynchronous shared memory
runtime.lmcache.checkpoints=atomic target and draft bundles for request_boundaries; independent chunks for explicit aligned
model.repository=local-inference-lab/GLM-5.3-Flash-NVFP4
draft.repository=local-inference-lab/GLM-5.3-Flash-DFlash2
draft.quantization=MXFP8
vllm.repository=https://github.com/voipmonitor/vllm.git
vllm.commit=c496604123b1f4441007b952a7ee37ab12c8f6ad
vllm.tree=e5fbfbaf6815210b68daea1b0e09f373a2f6df1f
vllm.package.tree=26948c1962346686d77605f8f98780583464b74a
vllm.bundle.sha256=b8b4052d100da89c9c984ad80f4479596e134c0386a39a25e70adafe93bd8dd0
b12x.repository=https://github.com/voipmonitor/b12x.git
b12x.commit=59d51a36a942d56a9c36265855cdc7856fa7712e
b12x.tree=474364a1f7ae3e6d379be88a57ebbe02bb5f9dba
b12x.package.tree=f5366673fd09611941039a439aabdc3d21286cd9
b12x.bundle.sha256=d2ce33c50ba77f3330999460046b2452e9e8d3c26beb66e40d91d718dc94f840
lmcache.repository=https://github.com/local-inference-lab/LMCache.git
lmcache.commit=29bc5a2efde737c436b04499eb62cd1776cebeec
lmcache.tree=5a88a1ea9d2627c76288d056e7193f7454669b64
lmcache.package.tree=e7c1cc7b6969d2677d7fb0c88254f9021f252020
lmcache.bundle.sha256=9dc218020c27b1d1438108627829641f7229c1ac1a902d7e86701d13c629d0cb
lmcache.version=0.5.5.dev0+glm53checkpoints.29bc5a2e
vllm.version=0.26.1rc0+glm53.r34.vllmc4966041
flashkda.base.commit=3b225bf26bb8e218928a1fe14751cb48cf31d11b
flashkda.patch.sha256=a9537532cf231babc942fa592666893268ca0617b24daeb8e78d3249e8c1d58a
flashkda.extension.sha256=3bb6ef2c9f0be24b2c6ae8a48eb20b53f28e632ed9cb45a32c7c0133f8cfde91
vllm.native.csrc.tree=b0ef9c9361a4b22d6f90840192210a9d0c1e5049
vllm.native.cmake.tree=5273499598e0571f12e325130239cb70626d0c63
vllm.native.cmakelists.blob=bb0f51b43ef4e1c57918b551b8cf213f9059b601
vllm.native.extension.sha256=7f8e7f05ac08b53e843dbcfbf021bf44f0852cfb0110e435e7326973282a3ca8
vllm.native.identity.sha256=803952a036e939402cf7147a72cc3afc3cc256addf0b55d584b8af3038f9f1df
flashinfer.commit=803c4664f4771ddc418f20a57f752469a237a825
flashinfer.artifact.image=voipmonitor/vllm@sha256:79edbc91874d9468e3e6268e1584503e3dec55f2a4d3bdd70d5c43e9b41675c7
flashinfer.python.wheel.sha256=3a5b1143d8b933d71881c2d71a2c0677360528344813be1893bafa9f335affea
flashinfer.jit-cache.wheel.sha256=9d08679e4ba3cc7c49c5f8035268b7958e9c4d8c7a5e8cd842211da46007809f
launcher.lmcache.sha256=d05039024fab07438d873f5660b5d9a78e9df91f809df982e86a3f2862e16fc6
input.Dockerfile.glm53-cache-contracts.sha256=7b04b4dc221f0f7c9f52d96004405b46d828c715182a63b8be0d53fc3c106801
input.build_glm53_cache_contract_image.sh.sha256=d1b94b1da30c9eb4f8195bd8ad5455f0fb1839c4db202fb599ae3e0653813600
input.source_locked_image_labels.py.sha256=35642540c54ffe35e96d8515998d9590d83f932b910603bfa38d5357335406b9
input.install_source_bundle.sh.sha256=d18c4b49acc40722b439a0838240c5a03c5df5b799027cd3c9c141fb78395613
input.pack_lmcache_native_reuse.py.sha256=2099c99c098a3fef4fccc4c49d2cc067c46b4c2ccf62940ed58bc5bab0ad81f9
input.install_glm53_source_locked.sh.sha256=62036a78d317c68d4cdd7e042e318da8f2d1f9e6ca717c0a173ba9b40d282420
input.install_vllm_source_version.py.sha256=e58fd3034aaf339d5df9ab5581ce18fd18bb75d4aeca8dcbc31bef2c1353b101
input.serve-ds4-jovian.sh.sha256=25880128204da85c21533793faea54ec232fba112ec09f70c6083ac1dbdbc4b0
input.Dockerfile.jovian-stable-native.sha256=cd19dc0032498c3dc80b1482aad3fc065189bfe5e6399f1a43d724dbeaf0e24b
input.build_jovian_stable_native.py.sha256=15027a1c7ebb6dca52c218a7d0560edda3e5c71eea2ffe26d3682a9ed62c5935
input.serve-glm53-flash-nvfp4-dflash2.sh.sha256=e1cdfc4cf159efb7834f4382d9d9643d9f680e7bd3ace3e5afb23426dd979c1f
input.serve-glm53-flash-nvfp4-dflash2-scheduler-qos.sh.sha256=a0c85248789942cf56315790fe389d220c4913e9a504573c8e946537de0d34d2
input.serve-glm53-flash-lmcache.sh.sha256=616d5f3faa143f8a1b2cfec5327a1bab25f02cd7c1a66bdfdfcc81e519b1996f
input.serve-glm53-flash-lmcache-cache-complete.sh.sha256=760ad0f9d9007b960a6679d404aae58cc0018c8b400b828bbed36644af300056
input.serve-glm53-flash-cache-complete.sh.sha256=c47affcb1167d8b8606d2f3459054bdacb079fda4bf6d2b413e02a1e22ba1044
input.glm53_checkpoint_identity.py.sha256=b5d259c38bf844d4da6a1a9d905a0e8983f586a8dc550b138d8cdf070c02f499
input.glm53-r18-lmcache-runtime-requirements.txt.sha256=7ac402540e2ba3f02fc1a443934ef3ff6e2e10c8ff81ae989e3958cfff38adf7
build.uv.sha256=9a4299a0c3bcc01012acbcdae7b5655e5087e0e5d87459306736a1420a902b81
runtime.cache.fingerprint=cu133-torch213-glm53-vllm26948c19-b12xf5366673-lmcachee7c1cc7b-flashkda3bb6ef2c-native7f8e7f05-fi803c4664
